
Microsoft Visual Studio Solution File, Format Version 12.00
# Visual Studio Version 17
VisualStudioVersion = 17.14.37012.4
MinimumVisualStudioVersion = 10.0.40219.1
Project("{FAE04EC0-301F-11D3-BF4B-00C04F79EFBC}") = "LayeredArchitectureApp", "LayeredArchitectureApp\LayeredArchitectureApp.csproj", "{22166749-C899-853E-64BB-07FD65AC9C80}"
EndProject
Project("{FAE04EC0-301F-11D3-BF4B-00C04F79EFBC}") = "LayeredArchitecture.Application", "LayeredArchitecture.Application\LayeredArchitecture.Application.csproj", "{CF07AF7E-EC56-6846-4EF0-917DAF10CBE1}"
EndProject
Project("{FAE04EC0-301F-11D3-BF4B-00C04F79EFBC}") = "LayeredArchitecture.Business", "LayeredArchitecture.Business\LayeredArchitecture.Business.csproj", "{F9BED1FB-8377-CB19-6FE6-A82C10893224}"
EndProject
Project("{FAE04EC0-301F-11D3-BF4B-00C04F79EFBC}") = "LayeredArchitecture.DataAccess", "LayeredArchitecture.DataAccess\LayeredArchitecture.DataAccess.csproj", "{9E31152C-F8A0-E745-6D66-E46DB8427760}"
EndProject
Project("{FAE04EC0-301F-11D3-BF4B-00C04F79EFBC}") = "LayeredArchitecture.Domain", "LayeredArchitecture.Domain\LayeredArchitecture.Domain.csproj", "{84CAC938-B12A-8FDF-8785-6FA7E20A5F97}"
EndProject
Global
	GlobalSection(SolutionConfigurationPlatforms) = preSolution
		Debug|Any CPU = Debug|Any CPU
		Release|Any CPU = Release|Any CPU
	EndGlobalSection
	GlobalSection(ProjectConfigurationPlatforms) = postSolution
		{22166749-C899-853E-64BB-07FD65AC9C80}.Debug|Any CPU.ActiveCfg = Debug|Any CPU
		{22166749-C899-853E-64BB-07FD65AC9C80}.Debug|Any CPU.Build.0 = Debug|Any CPU
		{22166749-C899-853E-64BB-07FD65AC9C80}.Release|Any CPU.ActiveCfg = Release|Any CPU
		{22166749-C899-853E-64BB-07FD65AC9C80}.Release|Any CPU.Build.0 = Release|Any CPU
		{CF07AF7E-EC56-6846-4EF0-917DAF10CBE1}.Debug|Any CPU.ActiveCfg = Debug|Any CPU
		{CF07AF7E-EC56-6846-4EF0-917DAF10CBE1}.Debug|Any CPU.Build.0 = Debug|Any CPU
		{CF07AF7E-EC56-6846-4EF0-917DAF10CBE1}.Release|Any CPU.ActiveCfg = Release|Any CPU
		{CF07AF7E-EC56-6846-4EF0-917DAF10CBE1}.Release|Any CPU.Build.0 = Release|Any CPU
		{F9BED1FB-8377-CB19-6FE6-A82C10893224}.Debug|Any CPU.ActiveCfg = Debug|Any CPU
		{F9BED1FB-8377-CB19-6FE6-A82C10893224}.Debug|Any CPU.Build.0 = Debug|Any CPU
		{F9BED1FB-8377-CB19-6FE6-A82C10893224}.Release|Any CPU.ActiveCfg = Release|Any CPU
		{F9BED1FB-8377-CB19-6FE6-A82C10893224}.Release|Any CPU.Build.0 = Release|Any CPU
		{9E31152C-F8A0-E745-6D66-E46DB8427760}.Debug|Any CPU.ActiveCfg = Debug|Any CPU
		{9E31152C-F8A0-E745-6D66-E46DB8427760}.Debug|Any CPU.Build.0 = Debug|Any CPU
		{9E31152C-F8A0-E745-6D66-E46DB8427760}.Release|Any CPU.ActiveCfg = Release|Any CPU
		{9E31152C-F8A0-E745-6D66-E46DB8427760}.Release|Any CPU.Build.0 = Release|Any CPU
		{84CAC938-B12A-8FDF-8785-6FA7E20A5F97}.Debug|Any CPU.ActiveCfg = Debug|Any CPU
		{84CAC938-B12A-8FDF-8785-6FA7E20A5F97}.Debug|Any CPU.Build.0 = Debug|Any CPU
		{84CAC938-B12A-8FDF-8785-6FA7E20A5F97}.Release|Any CPU.ActiveCfg = Release|Any CPU
		{84CAC938-B12A-8FDF-8785-6FA7E20A5F97}.Release|Any CPU.Build.0 = Release|Any CPU
	EndGlobalSection
	GlobalSection(SolutionProperties) = preSolution
		HideSolutionNode = FALSE
	EndGlobalSection
	GlobalSection(ExtensibilityGlobals) = postSolution
		SolutionGuid = {85A1935D-80DA-43A6-A1C8-B0FAB92325BF}
	EndGlobalSection
EndGlobal
